# This file is automatically @generated by Poetry 1.8.5 and should not be changed by hand.

[[package]]
name = "annotated-types"
version = "0.7.0"
description = "Reusable constraint types to use with typing.Annotated"
optional = false
python-versions = ">=3.8"
files = [
    {file = "annotated_types-0.7.0-py3-none-any.whl", hash = "sha256:1f02e8b43a8fbbc3f3e0d4f0f4bfc8131bcb4eebe8849b8e5c773f3a1c582a53"},
    {file = "annotated_types-0.7.0.tar.gz", hash = "sha256:aff07c09a53a08bc8cfccb9c85b05f1aa9a2a6f23728d790723543408344ce89"},
]

[[package]]
name = "anyio"
version = "4.7.0"
description = "High level compatibility layer for multiple asynchronous event loop implementations"
optional = false
python-versions = ">=3.9"
files = [
    {file = "anyio-4.7.0-py3-none-any.whl", hash = "sha256:ea60c3723ab42ba6fff7e8ccb0488c898ec538ff4df1f1d5e642c3601d07e352"},
    {file = "anyio-4.7.0.tar.gz", hash = "sha256:2f834749c602966b7d456a7567cafcb309f96482b5081d14ac93ccd457f9dd48"},
]

[package.dependencies]
idna = ">=2.8"
sniffio = ">=1.1"

[package.extras]
doc = ["Sphinx (>=7.4,<8.0)", "packaging", "sphinx-autodoc-typehints (>=1.2.0)", "sphinx_rtd_theme"]
test = ["anyio[trio]", "coverage[toml] (>=7)", "exceptiongroup (>=1.2.0)", "hypothesis (>=4.0)", "psutil (>=5.9)", "pytest (>=7.0)", "pytest-mock (>=3.6.1)", "trustme", "truststore (>=0.9.1)", "uvloop (>=0.21)"]
trio = ["trio (>=0.26.1)"]

[[package]]
name = "bcrypt"
version = "4.2.1"
description = "Modern password hashing for your software and your servers"
optional = false
python-versions = ">=3.7"
files = [
    {file = "bcrypt-4.2.1-cp37-abi3-macosx_10_12_universal2.whl", hash = "sha256:1340411a0894b7d3ef562fb233e4b6ed58add185228650942bdc885362f32c17"},
    {file = "bcrypt-4.2.1-cp37-abi3-manylinux_2_17_aarch64.manylinux2014_aarch64.whl", hash = "sha256:b1ee315739bc8387aa36ff127afc99120ee452924e0df517a8f3e4c0187a0f5f"},
    {file = "bcrypt-4.2.1-cp37-abi3-manylinux_2_17_x86_64.manylinux2014_x86_64.whl", hash = "sha256:8dbd0747208912b1e4ce730c6725cb56c07ac734b3629b60d4398f082ea718ad"},
    {file = "bcrypt-4.2.1-cp37-abi3-manylinux_2_28_aarch64.whl", hash = "sha256:aaa2e285be097050dba798d537b6efd9b698aa88eef52ec98d23dcd6d7cf6fea"},
    {file = "bcrypt-4.2.1-cp37-abi3-manylinux_2_28_x86_64.whl", hash = "sha256:76d3e352b32f4eeb34703370e370997065d28a561e4a18afe4fef07249cb4396"},
    {file = "bcrypt-4.2.1-cp37-abi3-musllinux_1_1_aarch64.whl", hash = "sha256:b7703ede632dc945ed1172d6f24e9f30f27b1b1a067f32f68bf169c5f08d0425"},
    {file = "bcrypt-4.2.1-cp37-abi3-musllinux_1_1_x86_64.whl", hash = "sha256:89df2aea2c43be1e1fa066df5f86c8ce822ab70a30e4c210968669565c0f4685"},
    {file = "bcrypt-4.2.1-cp37-abi3-musllinux_1_2_aarch64.whl", hash = "sha256:04e56e3fe8308a88b77e0afd20bec516f74aecf391cdd6e374f15cbed32783d6"},
    {file = "bcrypt-4.2.1-cp37-abi3-musllinux_1_2_x86_64.whl", hash = "sha256:cfdf3d7530c790432046c40cda41dfee8c83e29482e6a604f8930b9930e94139"},
    {file = "bcrypt-4.2.1-cp37-abi3-win32.whl", hash = "sha256:adadd36274510a01f33e6dc08f5824b97c9580583bd4487c564fc4617b328005"},
    {file = "bcrypt-4.2.1-cp37-abi3-win_amd64.whl", hash = "sha256:8c458cd103e6c5d1d85cf600e546a639f234964d0228909d8f8dbeebff82d526"},
    {file = "bcrypt-4.2.1-cp39-abi3-macosx_10_12_universal2.whl", hash = "sha256:8ad2f4528cbf0febe80e5a3a57d7a74e6635e41af1ea5675282a33d769fba413"},
    {file = "bcrypt-4.2.1-cp39-abi3-manylinux_2_17_aarch64.manylinux2014_aarch64.whl", hash = "sha256:909faa1027900f2252a9ca5dfebd25fc0ef1417943824783d1c8418dd7d6df4a"},
    {file = "bcrypt-4.2.1-cp39-abi3-manylinux_2_17_x86_64.manylinux2014_x86_64.whl", hash = "sha256:cde78d385d5e93ece5479a0a87f73cd6fa26b171c786a884f955e165032b262c"},
    {file = "bcrypt-4.2.1-cp39-abi3-manylinux_2_28_aarch64.whl", hash = "sha256:533e7f3bcf2f07caee7ad98124fab7499cb3333ba2274f7a36cf1daee7409d99"},
    {file = "bcrypt-4.2.1-cp39-abi3-manylinux_2_28_x86_64.whl", hash = "sha256:687cf30e6681eeda39548a93ce9bfbb300e48b4d445a43db4298d2474d2a1e54"},
    {file = "bcrypt-4.2.1-cp39-abi3-musllinux_1_1_aarch64.whl", hash = "sha256:041fa0155c9004eb98a232d54da05c0b41d4b8e66b6fc3cb71b4b3f6144ba837"},
    {file = "bcrypt-4.2.1-cp39-abi3-musllinux_1_1_x86_64.whl", hash = "sha256:f85b1ffa09240c89aa2e1ae9f3b1c687104f7b2b9d2098da4e923f1b7082d331"},
    {file = "bcrypt-4.2.1-cp39-abi3-musllinux_1_2_aarch64.whl", hash = "sha256:c6f5fa3775966cca251848d4d5393ab016b3afed251163c1436fefdec3b02c84"},
    {file = "bcrypt-4.2.1-cp39-abi3-musllinux_1_2_x86_64.whl", hash = "sha256:807261df60a8b1ccd13e6599c779014a362ae4e795f5c59747f60208daddd96d"},
    {file = "bcrypt-4.2.1-cp39-abi3-win32.whl", hash = "sha256:b588af02b89d9fad33e5f98f7838bf590d6d692df7153647724a7f20c186f6bf"},
    {file = "bcrypt-4.2.1-cp39-abi3-win_amd64.whl", hash = "sha256:e84e0e6f8e40a242b11bce56c313edc2be121cec3e0ec2d76fce01f6af33c07c"},
    {file = "bcrypt-4.2.1-pp310-pypy310_pp73-manylinux_2_28_aarch64.whl", hash = "sha256:76132c176a6d9953cdc83c296aeaed65e1a708485fd55abf163e0d9f8f16ce0e"},
    {file = "bcrypt-4.2.1-pp310-pypy310_pp73-manylinux_2_28_x86_64.whl", hash = "sha256:e158009a54c4c8bc91d5e0da80920d048f918c61a581f0a63e4e93bb556d362f"},
    {file = "bcrypt-4.2.1.tar.gz", hash = "sha256:6765386e3ab87f569b276988742039baab087b2cdb01e809d74e74503c2faafe"},
]

[package.extras]
tests = ["pytest (>=3.2.1,!=3.3.0)"]
typecheck = ["mypy"]

[[package]]
name = "click"
version = "8.1.7"
description = "Composable command line interface toolkit"
optional = false
python-versions = ">=3.7"
files = [
    {file = "click-8.1.7-py3-none-any.whl", hash = "sha256:ae74fb96c20a0277a1d615f1e4d73c8414f5a98db8b799a7931d1582f3390c28"},
    {file = "click-8.1.7.tar.gz", hash = "sha256:ca9853ad459e787e2192211578cc907e7594e294c7ccc834310722b41b9ca6de"},
]

[package.dependencies]
colorama = {version = "*", markers = "platform_system == \"Windows\""}

[[package]]
name = "colorama"
version = "0.4.6"
description = "Cross-platform colored terminal text."
optional = false
python-versions = "!=3.0.*,!=3.1.*,!=3.2.*,!=3.3.*,!=3.4.*,!=3.5.*,!=3.6.*,>=2.7"
files = [
    {file = "colorama-0.4.6-py2.py3-none-any.whl", hash = "sha256:4f1d9991f5acc0ca119f9d443620b77f9d6b33703e51011c16baf57afb285fc6"},
    {file = "colorama-0.4.6.tar.gz", hash = "sha256:08695f5cb7ed6e0531a20572697297273c47b8cae5a63ffc6d6ed5c201be6e44"},
]

[[package]]
name = "ecdsa"
version = "0.19.0"
description = "ECDSA cryptographic signature library (pure python)"
optional = false
python-versions = "!=3.0.*,!=3.1.*,!=3.2.*,!=3.3.*,!=3.4.*,>=2.6"
files = [
    {file = "ecdsa-0.19.0-py2.py3-none-any.whl", hash = "sha256:2cea9b88407fdac7bbeca0833b189e4c9c53f2ef1e1eaa29f6224dbc809b707a"},
    {file = "ecdsa-0.19.0.tar.gz", hash = "sha256:60eaad1199659900dd0af521ed462b793bbdf867432b3948e87416ae4caf6bf8"},
]

[package.dependencies]
six = ">=1.9.0"

[package.extras]
gmpy = ["gmpy"]
gmpy2 = ["gmpy2"]

[[package]]
name = "fastapi"
version = "0.115.6"
description = "FastAPI framework, high performance, easy to learn, fast to code, ready for production"
optional = false
python-versions = ">=3.8"
files = [
    {file = "fastapi-0.115.6-py3-none-any.whl", hash = "sha256:e9240b29e36fa8f4bb7290316988e90c381e5092e0cbe84e7818cc3713bcf305"},
    {file = "fastapi-0.115.6.tar.gz", hash = "sha256:9ec46f7addc14ea472958a96aae5b5de65f39721a46aaf5705c480d9a8b76654"},
]

[package.dependencies]
pydantic = ">=1.7.4,<1.8 || >1.8,<1.8.1 || >1.8.1,<2.0.0 || >2.0.0,<2.0.1 || >2.0.1,<2.1.0 || >2.1.0,<3.0.0"
starlette = ">=0.40.0,<0.42.0"
typing-extensions = ">=4.8.0"

[package.extras]
all = ["email-validator (>=2.0.0)", "fastapi-cli[standard] (>=0.0.5)", "httpx (>=0.23.0)", "itsdangerous (>=1.1.0)", "jinja2 (>=2.11.2)", "orjson (>=3.2.1)", "pydantic-extra-types (>=2.0.0)", "pydantic-settings (>=2.0.0)", "python-multipart (>=0.0.7)", "pyyaml (>=5.3.1)", "ujson (>=4.0.1,!=4.0.2,!=4.1.0,!=4.2.0,!=4.3.0,!=5.0.0,!=5.1.0)", "uvicorn[standard] (>=0.12.0)"]
standard = ["email-validator (>=2.0.0)", "fastapi-cli[standard] (>=0.0.5)", "httpx (>=0.23.0)", "jinja2 (>=2.11.2)", "python-multipart (>=0.0.7)", "uvicorn[standard] (>=0.12.0)"]

[[package]]
name = "h11"
version = "0.14.0"
description = "A pure-Python, bring-your-own-I/O implementation of HTTP/1.1"
optional = false
python-versions = ">=3.7"
files = [
    {file = "h11-0.14.0-py3-none-any.whl", hash = "sha256:e3fe4ac4b851c468cc8363d500db52c2ead036020723024a109d37346efaa761"},
    {file = "h11-0.14.0.tar.gz", hash = "sha256:8f19fbbe99e72420ff35c00b27a34cb9937e902a8b810e2c88300c6f0a3b699d"},
]

[[package]]
name = "idna"
version = "3.10"
description = "Internationalized Domain Names in Applications (IDNA)"
optional = false
python-versions = ">=3.6"
files = [
    {file = "idna-3.10-py3-none-any.whl", hash = "sha256:946d195a0d259cbba61165e88e65941f16e9b36ea6ddb97f00452bae8b1287d3"},
    {file = "idna-3.10.tar.gz", hash = "sha256:12f65c9b470abda6dc35cf8e63cc574b1c52b11df2c86030af0ac09b01b13ea9"},
]

[package.extras]
all = ["flake8 (>=7.1.1)", "mypy (>=1.11.2)", "pytest (>=8.3.2)", "ruff (>=0.6.2)"]

[[package]]
name = "passlib"
version = "1.7.4"
description = "comprehensive password hashing framework supporting over 30 schemes"
optional = false
python-versions = "*"
files = [
    {file = "passlib-1.7.4-py2.py3-none-any.whl", hash = "sha256:aa6bca462b8d8bda89c70b382f0c298a20b5560af6cbfa2dce410c0a2fb669f1"},
    {file = "passlib-1.7.4.tar.gz", hash = "sha256:defd50f72b65c5402ab2c573830a6978e5f202ad0d984793c8dde2c4152ebe04"},
]

[package.extras]
argon2 = ["argon2-cffi (>=18.2.0)"]
bcrypt = ["bcrypt (>=3.1.0)"]
build-docs = ["cloud-sptheme (>=1.10.1)", "sphinx (>=1.6)", "sphinxcontrib-fulltoc (>=1.2.0)"]
totp = ["cryptography"]

[[package]]
name = "psycopg"
version = "3.2.3"
description = "PostgreSQL database adapter for Python"
optional = false
python-versions = ">=3.8"
files = [
    {file = "psycopg-3.2.3-py3-none-any.whl", hash = "sha256:644d3973fe26908c73d4be746074f6e5224b03c1101d302d9a53bf565ad64907"},
    {file = "psycopg-3.2.3.tar.gz", hash = "sha256:a5764f67c27bec8bfac85764d23c534af2c27b893550377e37ce59c12aac47a2"},
]

[package.dependencies]
psycopg-binary = {version = "3.2.3", optional = true, markers = "implementation_name != \"pypy\" and extra == \"binary\""}
tzdata = {version = "*", markers = "sys_platform == \"win32\""}

[package.extras]
binary = ["psycopg-binary (==3.2.3)"]
c = ["psycopg-c (==3.2.3)"]
dev = ["ast-comments (>=1.1.2)", "black (>=24.1.0)", "codespell (>=2.2)", "dnspython (>=2.1)", "flake8 (>=4.0)", "mypy (>=1.11)", "types-setuptools (>=57.4)", "wheel (>=0.37)"]
docs = ["Sphinx (>=5.0)", "furo (==2022.6.21)", "sphinx-autobuild (>=2021.3.14)", "sphinx-autodoc-typehints (>=1.12)"]
pool = ["psycopg-pool"]
test = ["anyio (>=4.0)", "mypy (>=1.11)", "pproxy (>=2.7)", "pytest (>=6.2.5)", "pytest-cov (>=3.0)", "pytest-randomly (>=3.5)"]

[[package]]
name = "psycopg-binary"
version = "3.2.3"
description = "PostgreSQL database adapter for Python -- C optimisation distribution"
optional = false
python-versions = ">=3.8"
files = [
    {file = "psycopg_binary-3.2.3-cp310-cp310-macosx_12_0_x86_64.whl", hash = "sha256:965455eac8547f32b3181d5ec9ad8b9be500c10fe06193543efaaebe3e4ce70c"},
    {file = "psycopg_binary-3.2.3-cp310-cp310-macosx_14_0_arm64.whl", hash = "sha256:71adcc8bc80a65b776510bc39992edf942ace35b153ed7a9c6c573a6849ce308"},
    {file = "psycopg_binary-3.2.3-cp310-cp310-manylinux_2_17_aarch64.manylinux2014_aarch64.whl", hash = "sha256:f73adc05452fb85e7a12ed3f69c81540a8875960739082e6ea5e28c373a30774"},
    {file = "psycopg_binary-3.2.3-cp310-cp310-manylinux_2_17_i686.manylinux2014_i686.whl", hash = "sha256:e8630943143c6d6ca9aefc88bbe5e76c90553f4e1a3b2dc339e67dc34aa86f7e"},
    {file = "psycopg_binary-3.2.3-cp310-cp310-manylinux_2_17_ppc64le.manylinux2014_ppc64le.whl", hash = "sha256:3bffb61e198a91f712cc3d7f2d176a697cb05b284b2ad150fb8edb308eba9002"},
    {file = "psycopg_binary-3.2.3-cp310-cp310-manylinux_2_17_x86_64.manylinux2014_x86_64.whl", hash = "sha256:dc4fa2240c9fceddaa815a58f29212826fafe43ce80ff666d38c4a03fb036955"},
    {file = "psycopg_binary-3.2.3-cp310-cp310-musllinux_1_2_aarch64.whl", hash = "sha256:192a5f8496e6e1243fdd9ac20e117e667c0712f148c5f9343483b84435854c78"},
    {file = "psycopg_binary-3.2.3-cp310-cp310-musllinux_1_2_i686.whl", hash = "sha256:64dc6e9ec64f592f19dc01a784e87267a64a743d34f68488924251253da3c818"},
    {file = "psycopg_binary-3.2.3-cp310-cp310-musllinux_1_2_ppc64le.whl", hash = "sha256:79498df398970abcee3d326edd1d4655de7d77aa9aecd578154f8af35ce7bbd2"},
    {file = "psycopg_binary-3.2.3-cp310-cp310-musllinux_1_2_x86_64.whl", hash = "sha256:949551752930d5e478817e0b49956350d866b26578ced0042a61967e3fcccdea"},
    {file = "psycopg_binary-3.2.3-cp310-cp310-win_amd64.whl", hash = "sha256:80a2337e2dfb26950894c8301358961430a0304f7bfe729d34cc036474e9c9b1"},
    {file = "psycopg_binary-3.2.3-cp311-cp311-macosx_12_0_x86_64.whl", hash = "sha256:6d8f2144e0d5808c2e2aed40fbebe13869cd00c2ae745aca4b3b16a435edb056"},
    {file = "psycopg_binary-3.2.3-cp311-cp311-macosx_14_0_arm64.whl", hash = "sha256:94253be2b57ef2fea7ffe08996067aabf56a1eb9648342c9e3bad9e10c46e045"},
    {file = "psycopg_binary-3.2.3-cp311-cp311-manylinux_2_17_aarch64.manylinux2014_aarch64.whl", hash = "sha256:fda0162b0dbfa5eaed6cdc708179fa27e148cb8490c7d62e5cf30713909658ea"},
    {file = "psycopg_binary-3.2.3-cp311-cp311-manylinux_2_17_i686.manylinux2014_i686.whl", hash = "sha256:2c0419cdad8c70eaeb3116bb28e7b42d546f91baf5179d7556f230d40942dc78"},
    {file = "psycopg_binary-3.2.3-cp311-cp311-manylinux_2_17_ppc64le.manylinux2014_ppc64le.whl", hash = "sha256:74fbf5dd3ef09beafd3557631e282f00f8af4e7a78fbfce8ab06d9cd5a789aae"},
    {file = "psycopg_binary-3.2.3-cp311-cp311-manylinux_2_17_x86_64.manylinux2014_x86_64.whl", hash = "sha256:7d784f614e4d53050cbe8abf2ae9d1aaacf8ed31ce57b42ce3bf2a48a66c3a5c"},
    {file = "psycopg_binary-3.2.3-cp311-cp311-musllinux_1_2_aarch64.whl", hash = "sha256:4e76ce2475ed4885fe13b8254058be710ec0de74ebd8ef8224cf44a9a3358e5f"},
    {file = "psycopg_binary-3.2.3-cp311-cp311-musllinux_1_2_i686.whl", hash = "sha256:5938b257b04c851c2d1e6cb2f8c18318f06017f35be9a5fe761ee1e2e344dfb7"},
    {file = "psycopg_binary-3.2.3-cp311-cp311-musllinux_1_2_ppc64le.whl", hash = "sha256:257c4aea6f70a9aef39b2a77d0658a41bf05c243e2bf41895eb02220ac6306f3"},
    {file = "psycopg_binary-3.2.3-cp311-cp311-musllinux_1_2_x86_64.whl", hash = "sha256:06b5cc915e57621eebf2393f4173793ed7e3387295f07fed93ed3fb6a6ccf585"},
    {file = "psycopg_binary-3.2.3-cp311-cp311-win_amd64.whl", hash = "sha256:09baa041856b35598d335b1a74e19a49da8500acedf78164600694c0ba8ce21b"},
    {file = "psycopg_binary-3.2.3-cp312-cp312-macosx_12_0_x86_64.whl", hash = "sha256:48f8ca6ee8939bab760225b2ab82934d54330eec10afe4394a92d3f2a0c37dd6"},
    {file = "psycopg_binary-3.2.3-cp312-cp312-macosx_14_0_arm64.whl", hash = "sha256:5361ea13c241d4f0ec3f95e0bf976c15e2e451e9cc7ef2e5ccfc9d170b197a40"},
    {file = "psycopg_binary-3.2.3-cp312-cp312-manylinux_2_17_aarch64.manylinux2014_aarch64.whl", hash = "sha256:cb987f14af7da7c24f803111dbc7392f5070fd350146af3345103f76ea82e339"},
    {file = "psycopg_binary-3.2.3-cp312-cp312-manylinux_2_17_i686.manylinux2014_i686.whl", hash = "sha256:0463a11b1cace5a6aeffaf167920707b912b8986a9c7920341c75e3686277920"},
    {file = "psycopg_binary-3.2.3-cp312-cp312-manylinux_2_17_ppc64le.manylinux2014_ppc64le.whl", hash = "sha256:8b7be9a6c06518967b641fb15032b1ed682fd3b0443f64078899c61034a0bca6"},
    {file = "psycopg_binary-3.2.3-cp312-cp312-manylinux_2_17_x86_64.manylinux2014_x86_64.whl", hash = "sha256:64a607e630d9f4b2797f641884e52b9f8e239d35943f51bef817a384ec1678fe"},
    {file = "psycopg_binary-3.2.3-cp312-cp312-musllinux_1_2_aarch64.whl", hash = "sha256:fa33ead69ed133210d96af0c63448b1385df48b9c0247eda735c5896b9e6dbbf"},
    {file = "psycopg_binary-3.2.3-cp312-cp312-musllinux_1_2_i686.whl", hash = "sha256:1f8b0d0e99d8e19923e6e07379fa00570be5182c201a8c0b5aaa9a4d4a4ea20b"},
    {file = "psycopg_binary-3.2.3-cp312-cp312-musllinux_1_2_ppc64le.whl", hash = "sha256:709447bd7203b0b2debab1acec23123eb80b386f6c29e7604a5d4326a11e5bd6"},
    {file = "psycopg_binary-3.2.3-cp312-cp312-musllinux_1_2_x86_64.whl", hash = "sha256:5e37d5027e297a627da3551a1e962316d0f88ee4ada74c768f6c9234e26346d9"},
    {file = "psycopg_binary-3.2.3-cp312-cp312-win_amd64.whl", hash = "sha256:261f0031ee6074765096a19b27ed0f75498a8338c3dcd7f4f0d831e38adf12d1"},
    {file = "psycopg_binary-3.2.3-cp313-cp313-macosx_12_0_x86_64.whl", hash = "sha256:41fdec0182efac66b27478ac15ef54c9ebcecf0e26ed467eb7d6f262a913318b"},
    {file = "psycopg_binary-3.2.3-cp313-cp313-macosx_14_0_arm64.whl", hash = "sha256:07d019a786eb020c0f984691aa1b994cb79430061065a694cf6f94056c603d26"},
    {file = "psycopg_binary-3.2.3-cp313-cp313-manylinux_2_17_aarch64.manylinux2014_aarch64.whl", hash = "sha256:4c57615791a337378fe5381143259a6c432cdcbb1d3e6428bfb7ce59fff3fb5c"},
    {file = "psycopg_binary-3.2.3-cp313-cp313-manylinux_2_17_i686.manylinux2014_i686.whl", hash = "sha256:e8eb9a4e394926b93ad919cad1b0a918e9b4c846609e8c1cfb6b743683f64da0"},
    {file = "psycopg_binary-3.2.3-cp313-cp313-manylinux_2_17_ppc64le.manylinux2014_ppc64le.whl", hash = "sha256:5905729668ef1418bd36fbe876322dcb0f90b46811bba96d505af89e6fbdce2f"},
    {file = "psycopg_binary-3.2.3-cp313-cp313-manylinux_2_17_x86_64.manylinux2014_x86_64.whl", hash = "sha256:fd65774ed7d65101b314808b6893e1a75b7664f680c3ef18d2e5c84d570fa393"},
    {file = "psycopg_binary-3.2.3-cp313-cp313-musllinux_1_2_aarch64.whl", hash = "sha256:700679c02f9348a0d0a2adcd33a0275717cd0d0aee9d4482b47d935023629505"},
    {file = "psycopg_binary-3.2.3-cp313-cp313-musllinux_1_2_i686.whl", hash = "sha256:96334bb64d054e36fed346c50c4190bad9d7c586376204f50bede21a913bf942"},
    {file = "psycopg_binary-3.2.3-cp313-cp313-musllinux_1_2_ppc64le.whl", hash = "sha256:9099e443d4cc24ac6872e6a05f93205ba1a231b1a8917317b07c9ef2b955f1f4"},
    {file = "psycopg_binary-3.2.3-cp313-cp313-musllinux_1_2_x86_64.whl", hash = "sha256:1985ab05e9abebfbdf3163a16ebb37fbc5d49aff2bf5b3d7375ff0920bbb54cd"},
    {file = "psycopg_binary-3.2.3-cp313-cp313-win_amd64.whl", hash = "sha256:e90352d7b610b4693fad0feea48549d4315d10f1eba5605421c92bb834e90170"},
    {file = "psycopg_binary-3.2.3-cp38-cp38-macosx_12_0_x86_64.whl", hash = "sha256:69320f05de8cdf4077ecd7fefdec223890eea232af0d58f2530cbda2871244a0"},
    {file = "psycopg_binary-3.2.3-cp38-cp38-manylinux_2_17_aarch64.manylinux2014_aarch64.whl", hash = "sha256:4926ea5c46da30bec4a85907aa3f7e4ea6313145b2aa9469fdb861798daf1502"},
    {file = "psycopg_binary-3.2.3-cp38-cp38-manylinux_2_17_i686.manylinux2014_i686.whl", hash = "sha256:c64c4cd0d50d5b2288ab1bcb26c7126c772bbdebdfadcd77225a77df01c4a57e"},
    {file = "psycopg_binary-3.2.3-cp38-cp38-manylinux_2_17_ppc64le.manylinux2014_ppc64le.whl", hash = "sha256:05a1bdce30356e70a05428928717765f4a9229999421013f41338d9680d03a63"},
    {file = "psycopg_binary-3.2.3-cp38-cp38-manylinux_2_17_x86_64.manylinux2014_x86_64.whl", hash = "sha256:7ad357e426b0ea5c3043b8ec905546fa44b734bf11d33b3da3959f6e4447d350"},
    {file = "psycopg_binary-3.2.3-cp38-cp38-musllinux_1_2_aarch64.whl", hash = "sha256:967b47a0fd237aa17c2748fdb7425015c394a6fb57cdad1562e46a6eb070f96d"},
    {file = "psycopg_binary-3.2.3-cp38-cp38-musllinux_1_2_i686.whl", hash = "sha256:71db8896b942770ed7ab4efa59b22eee5203be2dfdee3c5258d60e57605d688c"},
    {file = "psycopg_binary-3.2.3-cp38-cp38-musllinux_1_2_ppc64le.whl", hash = "sha256:2773f850a778575dd7158a6dd072f7925b67f3ba305e2003538e8831fec77a1d"},
    {file = "psycopg_binary-3.2.3-cp38-cp38-musllinux_1_2_x86_64.whl", hash = "sha256:aeddf7b3b3f6e24ccf7d0edfe2d94094ea76b40e831c16eff5230e040ce3b76b"},
    {file = "psycopg_binary-3.2.3-cp38-cp38-win_amd64.whl", hash = "sha256:824c867a38521d61d62b60aca7db7ca013a2b479e428a0db47d25d8ca5067410"},
    {file = "psycopg_binary-3.2.3-cp39-cp39-macosx_12_0_x86_64.whl", hash = "sha256:9994f7db390c17fc2bd4c09dca722fd792ff8a49bb3bdace0c50a83f22f1767d"},
    {file = "psycopg_binary-3.2.3-cp39-cp39-manylinux_2_17_aarch64.manylinux2014_aarch64.whl", hash = "sha256:1303bf8347d6be7ad26d1362af2c38b3a90b8293e8d56244296488ee8591058e"},
    {file = "psycopg_binary-3.2.3-cp39-cp39-manylinux_2_17_i686.manylinux2014_i686.whl", hash = "sha256:842da42a63ecb32612bb7f5b9e9f8617eab9bc23bd58679a441f4150fcc51c96"},
    {file = "psycopg_binary-3.2.3-cp39-cp39-manylinux_2_17_ppc64le.manylinux2014_ppc64le.whl", hash = "sha256:2bb342a01c76f38a12432848e6013c57eb630103e7556cf79b705b53814c3949"},
    {file = "psycopg_binary-3.2.3-cp39-cp39-manylinux_2_17_x86_64.manylinux2014_x86_64.whl", hash = "sha256:fd40af959173ea0d087b6b232b855cfeaa6738f47cb2a0fd10a7f4fa8b74293f"},
    {file = "psycopg_binary-3.2.3-cp39-cp39-musllinux_1_2_aarch64.whl", hash = "sha256:9b60b465773a52c7d4705b0a751f7f1cdccf81dd12aee3b921b31a6e76b07b0e"},
    {file = "psycopg_binary-3.2.3-cp39-cp39-musllinux_1_2_i686.whl", hash = "sha256:fc6d87a1c44df8d493ef44988a3ded751e284e02cdf785f746c2d357e99782a6"},
    {file = "psycopg_binary-3.2.3-cp39-cp39-musllinux_1_2_ppc64le.whl", hash = "sha256:f0b018e37608c3bfc6039a1dc4eb461e89334465a19916be0153c757a78ea426"},
    {file = "psycopg_binary-3.2.3-cp39-cp39-musllinux_1_2_x86_64.whl", hash = "sha256:2a29f5294b0b6360bfda69653697eff70aaf2908f58d1073b0acd6f6ab5b5a4f"},
    {file = "psycopg_binary-3.2.3-cp39-cp39-win_amd64.whl", hash = "sha256:e56b1fd529e5dde2d1452a7d72907b37ed1b4f07fdced5d8fb1e963acfff6749"},
]

[[package]]
name = "psycopg-pool"
version = "3.2.4"
description = "Connection Pool for Psycopg"
optional = false
python-versions = ">=3.8"
files = [
    {file = "psycopg_pool-3.2.4-py3-none-any.whl", hash = "sha256:f6a22cff0f21f06d72fb2f5cb48c618946777c49385358e0c88d062c59cbd224"},
    {file = "psycopg_pool-3.2.4.tar.gz", hash = "sha256:61774b5bbf23e8d22bedc7504707135aaf744679f8ef9b3fe29942920746a6ed"},
]

[package.dependencies]
typing-extensions = ">=4.6"

[[package]]
name = "pyasn1"
version = "0.6.1"
description = "Pure-Python implementation of ASN.1 types and DER/BER/CER codecs (X.208)"
optional = false
python-versions = ">=3.8"
files = [
    {file = "pyasn1-0.6.1-py3-none-any.whl", hash = "sha256:0d632f46f2ba09143da3a8afe9e33fb6f92fa2320ab7e886e2d0f7672af84629"},
    {file = "pyasn1-0.6.1.tar.gz", hash = "sha256:6f580d2bdd84365380830acf45550f2511469f673cb4a5ae3857a3170128b034"},
]

[[package]]
name = "pydantic"
version = "2.10.3"
description = "Data validation using Python type hints"
optional = false
python-versions = ">=3.8"
files = [
    {file = "pydantic-2.10.3-py3-none-any.whl", hash = "sha256:be04d85bbc7b65651c5f8e6b9976ed9c6f41782a55524cef079a34a0bb82144d"},
    {file = "pydantic-2.10.3.tar.gz", hash = "sha256:cb5ac360ce894ceacd69c403187900a02c4b20b693a9dd1d643e1effab9eadf9"},
]

[package.dependencies]
annotated-types = ">=0.6.0"
pydantic-core = "2.27.1"
typing-extensions = ">=4.12.2"

[package.extras]
email = ["email-validator (>=2.0.0)"]
timezone = ["tzdata"]

[[package]]
name = "pydantic-core"
version = "2.27.1"
description = "Core functionality for Pydantic validation and serialization"
optional = false
python-versions = ">=3.8"
files = [
    {file = "pydantic_core-2.27.1-cp310-cp310-macosx_10_12_x86_64.whl", hash = "sha256:71a5e35c75c021aaf400ac048dacc855f000bdfed91614b4a726f7432f1f3d6a"},
    {file = "pydantic_core-2.27.1-cp310-cp310-macosx_11_0_arm64.whl", hash = "sha256:f82d068a2d6ecfc6e054726080af69a6764a10015467d7d7b9f66d6ed5afa23b"},
    {file = "pydantic_core-2.27.1-cp310-cp310-manylinux_2_17_aarch64.manylinux2014_aarch64.whl", hash = "sha256:121ceb0e822f79163dd4699e4c54f5ad38b157084d97b34de8b232bcaad70278"},
    {file = "pydantic_core-2.27.1-cp310-cp310-manylinux_2_17_armv7l.manylinux2014_armv7l.whl", hash = "sha256:4603137322c18eaf2e06a4495f426aa8d8388940f3c457e7548145011bb68e05"},
    {file = "pydantic_core-2.27.1-cp310-cp310-manylinux_2_17_ppc64le.manylinux2014_ppc64le.whl", hash = "sha256:a33cd6ad9017bbeaa9ed78a2e0752c5e250eafb9534f308e7a5f7849b0b1bfb4"},
    {file = "pydantic_core-2.27.1-cp310-cp310-manylinux_2_17_s390x.manylinux2014_s390x.whl", hash = "sha256:15cc53a3179ba0fcefe1e3ae50beb2784dede4003ad2dfd24f81bba4b23a454f"},
    {file = "pydantic_core-2.27.1-cp310-cp310-manylinux_2_17_x86_64.manylinux2014_x86_64.whl", hash = "sha256:45d9c5eb9273aa50999ad6adc6be5e0ecea7e09dbd0d31bd0c65a55a2592ca08"},
    {file = "pydantic_core-2.27.1-cp310-cp310-manylinux_2_5_i686.manylinux1_i686.whl", hash = "sha256:8bf7b66ce12a2ac52d16f776b31d16d91033150266eb796967a7e4621707e4f6"},
    {file = "pydantic_core-2.27.1-cp310-cp310-musllinux_1_1_aarch64.whl", hash = "sha256:655d7dd86f26cb15ce8a431036f66ce0318648f8853d709b4167786ec2fa4807"},
    {file = "pydantic_core-2.27.1-cp310-cp310-musllinux_1_1_armv7l.whl", hash = "sha256:5556470f1a2157031e676f776c2bc20acd34c1990ca5f7e56f1ebf938b9ab57c"},
    {file = "pydantic_core-2.27.1-cp310-cp310-musllinux_1_1_x86_64.whl", hash = "sha256:f69ed81ab24d5a3bd93861c8c4436f54afdf8e8cc421562b0c7504cf3be58206"},
    {file = "pydantic_core-2.27.1-cp310-none-win32.whl", hash = "sha256:f5a823165e6d04ccea61a9f0576f345f8ce40ed533013580e087bd4d7442b52c"},
    {file = "pydantic_core-2.27.1-cp310-none-win_amd64.whl", hash = "sha256:57866a76e0b3823e0b56692d1a0bf722bffb324839bb5b7226a7dbd6c9a40b17"},
    {file = "pydantic_core-2.27.1-cp311-cp311-macosx_10_12_x86_64.whl", hash = "sha256:ac3b20653bdbe160febbea8aa6c079d3df19310d50ac314911ed8cc4eb7f8cb8"},
    {file = "pydantic_core-2.27.1-cp311-cp311-macosx_11_0_arm64.whl", hash = "sha256:a5a8e19d7c707c4cadb8c18f5f60c843052ae83c20fa7d44f41594c644a1d330"},
    {file = "pydantic_core-2.27.1-cp311-cp311-manylinux_2_17_aarch64.manylinux2014_aarch64.whl", hash = "sha256:7f7059ca8d64fea7f238994c97d91f75965216bcbe5f695bb44f354893f11d52"},
    {file = "pydantic_core-2.27.1-cp311-cp311-manylinux_2_17_armv7l.manylinux2014_armv7l.whl", hash = "sha256:bed0f8a0eeea9fb72937ba118f9db0cb7e90773462af7962d382445f3005e5a4"},
    {file = "pydantic_core-2.27.1-cp311-cp311-manylinux_2_17_ppc64le.manylinux2014_ppc64le.whl", hash = "sha256:a3cb37038123447cf0f3ea4c74751f6a9d7afef0eb71aa07bf5f652b5e6a132c"},
    {file = "pydantic_core-2.27.1-cp311-cp311-manylinux_2_17_s390x.manylinux2014_s390x.whl", hash = "sha256:84286494f6c5d05243456e04223d5a9417d7f443c3b76065e75001beb26f88de"},
    {file = "pydantic_core-2.27.1-cp311-cp311-manylinux_2_17_x86_64.manylinux2014_x86_64.whl", hash = "sha256:acc07b2cfc5b835444b44a9956846b578d27beeacd4b52e45489e93276241025"},
    {file = "pydantic_core-2.27.1-cp311-cp311-manylinux_2_5_i686.manylinux1_i686.whl", hash = "sha256:4fefee876e07a6e9aad7a8c8c9f85b0cdbe7df52b8a9552307b09050f7512c7e"},
    {file = "pydantic_core-2.27.1-cp311-cp311-musllinux_1_1_aarch64.whl", hash = "sha256:258c57abf1188926c774a4c94dd29237e77eda19462e5bb901d88adcab6af919"},
    {file = "pydantic_core-2.27.1-cp311-cp311-musllinux_1_1_armv7l.whl", hash = "sha256:35c14ac45fcfdf7167ca76cc80b2001205a8d5d16d80524e13508371fb8cdd9c"},
    {file = "pydantic_core-2.27.1-cp311-cp311-musllinux_1_1_x86_64.whl", hash = "sha256:d1b26e1dff225c31897696cab7d4f0a315d4c0d9e8666dbffdb28216f3b17fdc"},
    {file = "pydantic_core-2.27.1-cp311-none-win32.whl", hash = "sha256:2cdf7d86886bc6982354862204ae3b2f7f96f21a3eb0ba5ca0ac42c7b38598b9"},
    {file = "pydantic_core-2.27.1-cp311-none-win_amd64.whl", hash = "sha256:3af385b0cee8df3746c3f406f38bcbfdc9041b5c2d5ce3e5fc6637256e60bbc5"},
    {file = "pydantic_core-2.27.1-cp311-none-win_arm64.whl", hash = "sha256:81f2ec23ddc1b476ff96563f2e8d723830b06dceae348ce02914a37cb4e74b89"},
    {file = "pydantic_core-2.27.1-cp312-cp312-macosx_10_12_x86_64.whl", hash = "sha256:9cbd94fc661d2bab2bc702cddd2d3370bbdcc4cd0f8f57488a81bcce90c7a54f"},
    {file = "pydantic_core-2.27.1-cp312-cp312-macosx_11_0_arm64.whl", hash = "sha256:5f8c4718cd44ec1580e180cb739713ecda2bdee1341084c1467802a417fe0f02"},
    {file = "pydantic_core-2.27.1-cp312-cp312-manylinux_2_17_aarch64.manylinux2014_aarch64.whl", hash = "sha256:15aae984e46de8d376df515f00450d1522077254ef6b7ce189b38ecee7c9677c"},
    {file = "pydantic_core-2.27.1-cp312-cp312-manylinux_2_17_armv7l.manylinux2014_armv7l.whl", hash = "sha256:1ba5e3963344ff25fc8c40da90f44b0afca8cfd89d12964feb79ac1411a260ac"},
    {file = "pydantic_core-2.27.1-cp312-cp312-manylinux_2_17_ppc64le.manylinux2014_ppc64le.whl", hash = "sha256:992cea5f4f3b29d6b4f7f1726ed8ee46c8331c6b4eed6db5b40134c6fe1768bb"},
    {file = "pydantic_core-2.27.1-cp312-cp312-manylinux_2_17_s390x.manylinux2014_s390x.whl", hash = "sha256:0325336f348dbee6550d129b1627cb8f5351a9dc91aad141ffb96d4937bd9529"},
    {file = "pydantic_core-2.27.1-cp312-cp312-manylinux_2_17_x86_64.manylinux2014_x86_64.whl", hash = "sha256:7597c07fbd11515f654d6ece3d0e4e5093edc30a436c63142d9a4b8e22f19c35"},
    {file = "pydantic_core-2.27.1-cp312-cp312-manylinux_2_5_i686.manylinux1_i686.whl", hash = "sha256:3bbd5d8cc692616d5ef6fbbbd50dbec142c7e6ad9beb66b78a96e9c16729b089"},
    {file = "pydantic_core-2.27.1-cp312-cp312-musllinux_1_1_aarch64.whl", hash = "sha256:dc61505e73298a84a2f317255fcc72b710b72980f3a1f670447a21efc88f8381"},
    {file = "pydantic_core-2.27.1-cp312-cp312-musllinux_1_1_armv7l.whl", hash = "sha256:e1f735dc43da318cad19b4173dd1ffce1d84aafd6c9b782b3abc04a0d5a6f5bb"},
    {file = "pydantic_core-2.27.1-cp312-cp312-musllinux_1_1_x86_64.whl", hash = "sha256:f4e5658dbffe8843a0f12366a4c2d1c316dbe09bb4dfbdc9d2d9cd6031de8aae"},
    {file = "pydantic_core-2.27.1-cp312-none-win32.whl", hash = "sha256:672ebbe820bb37988c4d136eca2652ee114992d5d41c7e4858cdd90ea94ffe5c"},
    {file = "pydantic_core-2.27.1-cp312-none-win_amd64.whl", hash = "sha256:66ff044fd0bb1768688aecbe28b6190f6e799349221fb0de0e6f4048eca14c16"},
    {file = "pydantic_core-2.27.1-cp312-none-win_arm64.whl", hash = "sha256:9a3b0793b1bbfd4146304e23d90045f2a9b5fd5823aa682665fbdaf2a6c28f3e"},
    {file = "pydantic_core-2.27.1-cp313-cp313-macosx_10_12_x86_64.whl", hash = "sha256:f216dbce0e60e4d03e0c4353c7023b202d95cbaeff12e5fd2e82ea0a66905073"},
    {file = "pydantic_core-2.27.1-cp313-cp313-macosx_11_0_arm64.whl", hash = "sha256:a2e02889071850bbfd36b56fd6bc98945e23670773bc7a76657e90e6b6603c08"},
    {file = "pydantic_core-2.27.1-cp313-cp313-manylinux_2_17_aarch64.manylinux2014_aarch64.whl", hash = "sha256:42b0e23f119b2b456d07ca91b307ae167cc3f6c846a7b169fca5326e32fdc6cf"},
    {file = "pydantic_core-2.27.1-cp313-cp313-manylinux_2_17_armv7l.manylinux2014_armv7l.whl", hash = "sha256:764be71193f87d460a03f1f7385a82e226639732214b402f9aa61f0d025f0737"},
    {file = "pydantic_core-2.27.1-cp313-cp313-manylinux_2_17_ppc64le.manylinux2014_ppc64le.whl", hash = "sha256:1c00666a3bd2f84920a4e94434f5974d7bbc57e461318d6bb34ce9cdbbc1f6b2"},
    {file = "pydantic_core-2.27.1-cp313-cp313-manylinux_2_17_s390x.manylinux2014_s390x.whl", hash = "sha256:3ccaa88b24eebc0f849ce0a4d09e8a408ec5a94afff395eb69baf868f5183107"},
    {file = "pydantic_core-2.27.1-cp313-cp313-manylinux_2_17_x86_64.manylinux2014_x86_64.whl", hash = "sha256:c65af9088ac534313e1963443d0ec360bb2b9cba6c2909478d22c2e363d98a51"},
    {file = "pydantic_core-2.27.1-cp313-cp313-manylinux_2_5_i686.manylinux1_i686.whl", hash = "sha256:206b5cf6f0c513baffaeae7bd817717140770c74528f3e4c3e1cec7871ddd61a"},
    {file = "pydantic_core-2.27.1-cp313-cp313-musllinux_1_1_aarch64.whl", hash = "sha256:062f60e512fc7fff8b8a9d680ff0ddaaef0193dba9fa83e679c0c5f5fbd018bc"},
    {file = "pydantic_core-2.27.1-cp313-cp313-musllinux_1_1_armv7l.whl", hash = "sha256:a0697803ed7d4af5e4c1adf1670af078f8fcab7a86350e969f454daf598c4960"},
    {file = "pydantic_core-2.27.1-cp313-cp313-musllinux_1_1_x86_64.whl", hash = "sha256:58ca98a950171f3151c603aeea9303ef6c235f692fe555e883591103da709b23"},
    {file = "pydantic_core-2.27.1-cp313-none-win32.whl", hash = "sha256:8065914ff79f7eab1599bd80406681f0ad08f8e47c880f17b416c9f8f7a26d05"},
    {file = "pydantic_core-2.27.1-cp313-none-win_amd64.whl", hash = "sha256:ba630d5e3db74c79300d9a5bdaaf6200172b107f263c98a0539eeecb857b2337"},
    {file = "pydantic_core-2.27.1-cp313-none-win_arm64.whl", hash = "sha256:45cf8588c066860b623cd11c4ba687f8d7175d5f7ef65f7129df8a394c502de5"},
    {file = "pydantic_core-2.27.1-cp38-cp38-macosx_10_12_x86_64.whl", hash = "sha256:5897bec80a09b4084aee23f9b73a9477a46c3304ad1d2d07acca19723fb1de62"},
    {file = "pydantic_core-2.27.1-cp38-cp38-macosx_11_0_arm64.whl", hash = "sha256:d0165ab2914379bd56908c02294ed8405c252250668ebcb438a55494c69f44ab"},
    {file = "pydantic_core-2.27.1-cp38-cp38-manylinux_2_17_aarch64.manylinux2014_aarch64.whl", hash = "sha256:6b9af86e1d8e4cfc82c2022bfaa6f459381a50b94a29e95dcdda8442d6d83864"},
    {file = "pydantic_core-2.27.1-cp38-cp38-manylinux_2_17_armv7l.manylinux2014_armv7l.whl", hash = "sha256:5f6c8a66741c5f5447e047ab0ba7a1c61d1e95580d64bce852e3df1f895c4067"},
    {file = "pydantic_core-2.27.1-cp38-cp38-manylinux_2_17_ppc64le.manylinux2014_ppc64le.whl", hash = "sha256:9a42d6a8156ff78981f8aa56eb6394114e0dedb217cf8b729f438f643608cbcd"},
    {file = "pydantic_core-2.27.1-cp38-cp38-manylinux_2_17_s390x.manylinux2014_s390x.whl", hash = "sha256:64c65f40b4cd8b0e049a8edde07e38b476da7e3aaebe63287c899d2cff253fa5"},
    {file = "pydantic_core-2.27.1-cp38-cp38-manylinux_2_17_x86_64.manylinux2014_x86_64.whl", hash = "sha256:9fdcf339322a3fae5cbd504edcefddd5a50d9ee00d968696846f089b4432cf78"},
    {file = "pydantic_core-2.27.1-cp38-cp38-manylinux_2_5_i686.manylinux1_i686.whl", hash = "sha256:bf99c8404f008750c846cb4ac4667b798a9f7de673ff719d705d9b2d6de49c5f"},
    {file = "pydantic_core-2.27.1-cp38-cp38-musllinux_1_1_aarch64.whl", hash = "sha256:8f1edcea27918d748c7e5e4d917297b2a0ab80cad10f86631e488b7cddf76a36"},
    {file = "pydantic_core-2.27.1-cp38-cp38-musllinux_1_1_armv7l.whl", hash = "sha256:159cac0a3d096f79ab6a44d77a961917219707e2a130739c64d4dd46281f5c2a"},
    {file = "pydantic_core-2.27.1-cp38-cp38-musllinux_1_1_x86_64.whl", hash = "sha256:029d9757eb621cc6e1848fa0b0310310de7301057f623985698ed7ebb014391b"},
    {file = "pydantic_core-2.27.1-cp38-none-win32.whl", hash = "sha256:a28af0695a45f7060e6f9b7092558a928a28553366519f64083c63a44f70e618"},
    {file = "pydantic_core-2.27.1-cp38-none-win_amd64.whl", hash = "sha256:2d4567c850905d5eaaed2f7a404e61012a51caf288292e016360aa2b96ff38d4"},
    {file = "pydantic_core-2.27.1-cp39-cp39-macosx_10_12_x86_64.whl", hash = "sha256:e9386266798d64eeb19dd3677051f5705bf873e98e15897ddb7d76f477131967"},
    {file = "pydantic_core-2.27.1-cp39-cp39-macosx_11_0_arm64.whl", hash = "sha256:4228b5b646caa73f119b1ae756216b59cc6e2267201c27d3912b592c5e323b60"},
    {file = "pydantic_core-2.27.1-cp39-cp39-manylinux_2_17_aarch64.manylinux2014_aarch64.whl", hash = "sha256:0b3dfe500de26c52abe0477dde16192ac39c98f05bf2d80e76102d394bd13854"},
    {file = "pydantic_core-2.27.1-cp39-cp39-manylinux_2_17_armv7l.manylinux2014_armv7l.whl", hash = "sha256:aee66be87825cdf72ac64cb03ad4c15ffef4143dbf5c113f64a5ff4f81477bf9"},
    {file = "pydantic_core-2.27.1-cp39-cp39-manylinux_2_17_ppc64le.manylinux2014_ppc64le.whl", hash = "sha256:3b748c44bb9f53031c8cbc99a8a061bc181c1000c60a30f55393b6e9c45cc5bd"},
    {file = "pydantic_core-2.27.1-cp39-cp39-manylinux_2_17_s390x.manylinux2014_s390x.whl", hash = "sha256:5ca038c7f6a0afd0b2448941b6ef9d5e1949e999f9e5517692eb6da58e9d44be"},
    {file = "pydantic_core-2.27.1-cp39-cp39-manylinux_2_17_x86_64.manylinux2014_x86_64.whl", hash = "sha256:6e0bd57539da59a3e4671b90a502da9a28c72322a4f17866ba3ac63a82c4498e"},
    {file = "pydantic_core-2.27.1-cp39-cp39-manylinux_2_5_i686.manylinux1_i686.whl", hash = "sha256:ac6c2c45c847bbf8f91930d88716a0fb924b51e0c6dad329b793d670ec5db792"},
    {file = "pydantic_core-2.27.1-cp39-cp39-musllinux_1_1_aarch64.whl", hash = "sha256:b94d4ba43739bbe8b0ce4262bcc3b7b9f31459ad120fb595627eaeb7f9b9ca01"},
    {file = "pydantic_core-2.27.1-cp39-cp39-musllinux_1_1_armv7l.whl", hash = "sha256:00e6424f4b26fe82d44577b4c842d7df97c20be6439e8e685d0d715feceb9fb9"},
    {file = "pydantic_core-2.27.1-cp39-cp39-musllinux_1_1_x86_64.whl", hash = "sha256:38de0a70160dd97540335b7ad3a74571b24f1dc3ed33f815f0880682e6880131"},
    {file = "pydantic_core-2.27.1-cp39-none-win32.whl", hash = "sha256:7ccebf51efc61634f6c2344da73e366c75e735960b5654b63d7e6f69a5885fa3"},
    {file = "pydantic_core-2.27.1-cp39-none-win_amd64.whl", hash = "sha256:a57847b090d7892f123726202b7daa20df6694cbd583b67a592e856bff603d6c"},
    {file = "pydantic_core-2.27.1-pp310-pypy310_pp73-macosx_10_12_x86_64.whl", hash = "sha256:3fa80ac2bd5856580e242dbc202db873c60a01b20309c8319b5c5986fbe53ce6"},
    {file = "pydantic_core-2.27.1-pp310-pypy310_pp73-macosx_11_0_arm64.whl", hash = "sha256:d950caa237bb1954f1b8c9227b5065ba6875ac9771bb8ec790d956a699b78676"},
    {file = "pydantic_core-2.27.1-pp310-pypy310_pp73-manylinux_2_17_aarch64.manylinux2014_aarch64.whl", hash = "sha256:0e4216e64d203e39c62df627aa882f02a2438d18a5f21d7f721621f7a5d3611d"},
    {file = "pydantic_core-2.27.1-pp310-pypy310_pp73-manylinux_2_17_x86_64.manylinux2014_x86_64.whl", hash = "sha256:02a3d637bd387c41d46b002f0e49c52642281edacd2740e5a42f7017feea3f2c"},
    {file = "pydantic_core-2.27.1-pp310-pypy310_pp73-manylinux_2_5_i686.manylinux1_i686.whl", hash = "sha256:161c27ccce13b6b0c8689418da3885d3220ed2eae2ea5e9b2f7f3d48f1d52c27"},
    {file = "pydantic_core-2.27.1-pp310-pypy310_pp73-musllinux_1_1_aarch64.whl", hash = "sha256:19910754e4cc9c63bc1c7f6d73aa1cfee82f42007e407c0f413695c2f7ed777f"},
    {file = "pydantic_core-2.27.1-pp310-pypy310_pp73-musllinux_1_1_armv7l.whl", hash = "sha256:e173486019cc283dc9778315fa29a363579372fe67045e971e89b6365cc035ed"},
    {file = "pydantic_core-2.27.1-pp310-pypy310_pp73-musllinux_1_1_x86_64.whl", hash = "sha256:af52d26579b308921b73b956153066481f064875140ccd1dfd4e77db89dbb12f"},
    {file = "pydantic_core-2.27.1-pp310-pypy310_pp73-win_amd64.whl", hash = "sha256:981fb88516bd1ae8b0cbbd2034678a39dedc98752f264ac9bc5839d3923fa04c"},
    {file = "pydantic_core-2.27.1-pp39-pypy39_pp73-macosx_10_12_x86_64.whl", hash = "sha256:5fde892e6c697ce3e30c61b239330fc5d569a71fefd4eb6512fc6caec9dd9e2f"},
    {file = "pydantic_core-2.27.1-pp39-pypy39_pp73-macosx_11_0_arm64.whl", hash = "sha256:816f5aa087094099fff7edabb5e01cc370eb21aa1a1d44fe2d2aefdfb5599b31"},
    {file = "pydantic_core-2.27.1-pp39-pypy39_pp73-manylinux_2_17_aarch64.manylinux2014_aarch64.whl", hash = "sha256:9c10c309e18e443ddb108f0ef64e8729363adbfd92d6d57beec680f6261556f3"},
    {file = "pydantic_core-2.27.1-pp39-pypy39_pp73-manylinux_2_17_x86_64.manylinux2014_x86_64.whl", hash = "sha256:98476c98b02c8e9b2eec76ac4156fd006628b1b2d0ef27e548ffa978393fd154"},
    {file = "pydantic_core-2.27.1-pp39-pypy39_pp73-manylinux_2_5_i686.manylinux1_i686.whl", hash = "sha256:c3027001c28434e7ca5a6e1e527487051136aa81803ac812be51802150d880dd"},
    {file = "pydantic_core-2.27.1-pp39-pypy39_pp73-musllinux_1_1_aarch64.whl", hash = "sha256:7699b1df36a48169cdebda7ab5a2bac265204003f153b4bd17276153d997670a"},
    {file = "pydantic_core-2.27.1-pp39-pypy39_pp73-musllinux_1_1_armv7l.whl", hash = "sha256:1c39b07d90be6b48968ddc8c19e7585052088fd7ec8d568bb31ff64c70ae3c97"},
    {file = "pydantic_core-2.27.1-pp39-pypy39_pp73-musllinux_1_1_x86_64.whl", hash = "sha256:46ccfe3032b3915586e469d4972973f893c0a2bb65669194a5bdea9bacc088c2"},
    {file = "pydantic_core-2.27.1-pp39-pypy39_pp73-win_amd64.whl", hash = "sha256:62ba45e21cf6571d7f716d903b5b7b6d2617e2d5d67c0923dc47b9d41369f840"},
    {file = "pydantic_core-2.27.1.tar.gz", hash = "sha256:62a763352879b84aa31058fc931884055fd75089cccbd9d58bb6afd01141b235"},
]

[package.dependencies]
typing-extensions = ">=4.6.0,<4.7.0 || >4.7.0"

[[package]]
name = "python-jose"
version = "3.3.0"
description = "JOSE implementation in Python"
optional = false
python-versions = "*"
files = [
    {file = "python-jose-3.3.0.tar.gz", hash = "sha256:55779b5e6ad599c6336191246e95eb2293a9ddebd555f796a65f838f07e5d78a"},
    {file = "python_jose-3.3.0-py2.py3-none-any.whl", hash = "sha256:9b1376b023f8b298536eedd47ae1089bcdb848f1535ab30555cd92002d78923a"},
]

[package.dependencies]
ecdsa = "!=0.15"
pyasn1 = "*"
rsa = "*"

[package.extras]
cryptography = ["cryptography (>=3.4.0)"]
pycrypto = ["pyasn1", "pycrypto (>=2.6.0,<2.7.0)"]
pycryptodome = ["pyasn1", "pycryptodome (>=3.3.1,<4.0.0)"]

[[package]]
name = "python-multipart"
version = "0.0.19"
description = "A streaming multipart parser for Python"
optional = false
python-versions = ">=3.8"
files = [
    {file = "python_multipart-0.0.19-py3-none-any.whl", hash = "sha256:f8d5b0b9c618575bf9df01c684ded1d94a338839bdd8223838afacfb4bb2082d"},
    {file = "python_multipart-0.0.19.tar.gz", hash = "sha256:905502ef39050557b7a6af411f454bc19526529ca46ae6831508438890ce12cc"},
]

[[package]]
name = "rsa"
version = "4.9"
description = "Pure-Python RSA implementation"
optional = false
python-versions = ">=3.6,<4"
files = [
    {file = "rsa-4.9-py3-none-any.whl", hash = "sha256:90260d9058e514786967344d0ef75fa8727eed8a7d2e43ce9f4bcf1b536174f7"},
    {file = "rsa-4.9.tar.gz", hash = "sha256:e38464a49c6c85d7f1351b0126661487a7e0a14a50f1675ec50eb34d4f20ef21"},
]

[package.dependencies]
pyasn1 = ">=0.1.3"

[[package]]
name = "six"
version = "1.17.0"
description = "Python 2 and 3 compatibility utilities"
optional = false
python-versions = "!=3.0.*,!=3.1.*,!=3.2.*,>=2.7"
files = [
    {file = "six-1.17.0-py2.py3-none-any.whl", hash = "sha256:4721f391ed90541fddacab5acf947aa0d3dc7d27b2e1e8eda2be8970586c3274"},
    {file = "six-1.17.0.tar.gz", hash = "sha256:ff70335d468e7eb6ec65b95b99d3a2836546063f63acc5171de367e834932a81"},
]

[[package]]
name = "sniffio"
version = "1.3.1"
description = "Sniff out which async library your code is running under"
optional = false
python-versions = ">=3.7"
files = [
    {file = "sniffio-1.3.1-py3-none-any.whl", hash = "sha256:2f6da418d1f1e0fddd844478f41680e794e6051915791a034ff65e5f100525a2"},
    {file = "sniffio-1.3.1.tar.gz", hash = "sha256:f4324edc670a0f49750a81b895f35c3adb843cca46f0530f79fc1babb23789dc"},
]

[[package]]
name = "starlette"
version = "0.41.3"
description = "The little ASGI library that shines."
optional = false
python-versions = ">=3.8"
files = [
    {file = "starlette-0.41.3-py3-none-any.whl", hash = "sha256:44cedb2b7c77a9de33a8b74b2b90e9f50d11fcf25d8270ea525ad71a25374ff7"},
    {file = "starlette-0.41.3.tar.gz", hash = "sha256:0e4ab3d16522a255be6b28260b938eae2482f98ce5cc934cb08dce8dc3ba5835"},
]

[package.dependencies]
anyio = ">=3.4.0,<5"

[package.extras]
full = ["httpx (>=0.22.0)", "itsdangerous", "jinja2", "python-multipart (>=0.0.7)", "pyyaml"]

[[package]]
name = "typing-extensions"
version = "4.12.2"
description = "Backported and Experimental Type Hints for Python 3.8+"
optional = false
python-versions = ">=3.8"
files = [
    {file = "typing_extensions-4.12.2-py3-none-any.whl", hash = "sha256:04e5ca0351e0f3f85c6853954072df659d0d13fac324d0072316b67d7794700d"},
    {file = "typing_extensions-4.12.2.tar.gz", hash = "sha256:1a7ead55c7e559dd4dee8856e3a88b41225abfe1ce8df57b7c13915fe121ffb8"},
]

[[package]]
name = "tzdata"
version = "2024.2"
description = "Provider of IANA time zone data"
optional = false
python-versions = ">=2"
files = [
    {file = "tzdata-2024.2-py2.py3-none-any.whl", hash = "sha256:a48093786cdcde33cad18c2555e8532f34422074448fbc874186f0abd79565cd"},
    {file = "tzdata-2024.2.tar.gz", hash = "sha256:7d85cc416e9382e69095b7bdf4afd9e3880418a2413feec7069d533d6b4e31cc"},
]

[[package]]
name = "uvicorn"
version = "0.32.1"
description = "The lightning-fast ASGI server."
optional = false
python-versions = ">=3.8"
files = [
    {file = "uvicorn-0.32.1-py3-none-any.whl", hash = "sha256:82ad92fd58da0d12af7482ecdb5f2470a04c9c9a53ced65b9bbb4a205377602e"},
    {file = "uvicorn-0.32.1.tar.gz", hash = "sha256:ee9519c246a72b1c084cea8d3b44ed6026e78a4a309cbedae9c37e4cb9fbb175"},
]

[package.dependencies]
click = ">=7.0"
h11 = ">=0.8"

[package.extras]
standard = ["colorama (>=0.4)", "httptools (>=0.6.3)", "python-dotenv (>=0.13)", "pyyaml (>=5.1)", "uvloop (>=0.14.0,!=0.15.0,!=0.15.1)", "watchfiles (>=0.13)", "websockets (>=10.4)"]

[metadata]
lock-version = "2.0"
python-versions = "^3.13"
content-hash = "5bca8bc5c658b47de9175846489b953c68b6662db24cefbf51cd25073a028cfb"
